
Microsoft Visual Studio Solution File, Format Version 12.00
# Visual Studio Version 16
VisualStudioVersion = 16.0.30114.105
MinimumVisualStudioVersion = 10.0.40219.1
Project("{FAE04EC0-301F-11D3-BF4B-00C04F79EFBC}") = "Sem2Project", "Sem2Project.csproj", "{8430D866-FC44-492A-AB01-EFD8A2078E7D}"
EndProject
Global
	GlobalSection(SolutionConfigurationPlatforms) = preSolution
		Debug|Any CPU = Debug|Any CPU
		Release|Any CPU = Release|Any CPU
	EndGlobalSection
	GlobalSection(ProjectConfigurationPlatforms) = postSolution
		{8430D866-FC44-492A-AB01-EFD8A2078E7D}.Debug|Any CPU.ActiveCfg = Debug|Any CPU
		{8430D866-FC44-492A-AB01-EFD8A2078E7D}.Debug|Any CPU.Build.0 = Debug|Any CPU
		{8430D866-FC44-492A-AB01-EFD8A2078E7D}.Release|Any CPU.ActiveCfg = Release|Any CPU
		{8430D866-FC44-492A-AB01-EFD8A2078E7D}.Release|Any CPU.Build.0 = Release|Any CPU
	EndGlobalSection
	GlobalSection(SolutionProperties) = preSolution
		HideSolutionNode = FALSE
	EndGlobalSection
	GlobalSection(ExtensibilityGlobals) = postSolution
		SolutionGuid = {949151B4-DBCF-4677-9452-D4D8A85BAF2A}
	EndGlobalSection
EndGlobal
